
Microsoft Visual Studio Solution File, Format Version 12.00
# Visual Studio Version 17
VisualStudioVersion = 17.9.34728.123
MinimumVisualStudioVersion = 10.0.40219.1
Project("{FAE04EC0-301F-11D3-BF4B-00C04F79EFBC}") = "Notes", "Notes\Notes.csproj", "{42F77FCE-B7FC-4008-A370-0C0EB6F31E6D}"
EndProject
Global
	GlobalSection(SolutionConfigurationPlatforms) = preSolution
		Debug|Any CPU = Debug|Any CPU
		Release|Any CPU = Release|Any CPU
	EndGlobalSection
	GlobalSection(ProjectConfigurationPlatforms) = postSolution
		{42F77FCE-B7FC-4008-A370-0C0EB6F31E6D}.Debug|Any CPU.ActiveCfg = Debug|Any CPU
		{42F77FCE-B7FC-4008-A370-0C0EB6F31E6D}.Debug|Any CPU.Build.0 = Debug|Any CPU
		{42F77FCE-B7FC-4008-A370-0C0EB6F31E6D}.Debug|Any CPU.Deploy.0 = Debug|Any CPU
		{42F77FCE-B7FC-4008-A370-0C0EB6F31E6D}.Release|Any CPU.ActiveCfg = Release|Any CPU
		{42F77FCE-B7FC-4008-A370-0C0EB6F31E6D}.Release|Any CPU.Build.0 = Release|Any CPU
		{42F77FCE-B7FC-4008-A370-0C0EB6F31E6D}.Release|Any CPU.Deploy.0 = Release|Any CPU
	EndGlobalSection
	GlobalSection(SolutionProperties) = preSolution
		HideSolutionNode = FALSE
	EndGlobalSection
	GlobalSection(ExtensibilityGlobals) = postSolution
		SolutionGuid = {73418CBA-3A3B-41FF-B45D-EDE55630C321}
	EndGlobalSection
EndGlobal
